{
  "name": "aviate",
  "version": "1.0.0",
  "lockfileVersion": 3,
  "requires": true,
  "packages": {
    "": {
      "name": "aviate",
      "version": "1.0.0",
      "license": "UNLICENSED",
      "dependencies": {
        "jarallax": "^2.1.4"
      }
    },
    "node_modules/jarallax": {
      "version": "2.1.4",
      "resolved": "https://registry.npmjs.org/jarallax/-/jarallax-2.1.4.tgz",
      "integrity": "sha512-MZHX2JNKj5sply24QSTrF5hdK0HGDe26YJcGvO3u0rI3ls348KSYPONCQTJ2A3EdM/8k4rjwgW+AdxeLeY8E5A==",
      "dependencies": {
        "video-worker": "^2.1.5"
      }
    },
    "node_modules/video-worker": {
      "version": "2.1.5",
      "resolved": "https://registry.npmjs.org/video-worker/-/video-worker-2.1.5.tgz",
      "integrity": "sha512-lX6mywHsMeo2fB8smiaffQYpkcBaQh63oVrAsGekAOoIE5dv39YchJhZ6rresiNcJHy+Hv59dd+1yZs08jnFXA=="
    }
  }
}
